
Microsoft Visual Studio Solution File, Format Version 12.00
Project("{FAE04EC0-301F-11D3-BF4B-00C04F79EFBC}") = "BananasAnanaserBot", "BananasAnanaserBot\BananasAnanaserBot.csproj", "{2047B019-863B-43D9-B3E8-172FAE4E031F}"
EndProject
Project("{FAE04EC0-301F-11D3-BF4B-00C04F79EFBC}") = "PythonIntegration", "PythonIntegration\PythonIntegration.csproj", "{F025BAB0-0569-4482-B131-E18AB4A35F41}"
EndProject
Project("{FAE04EC0-301F-11D3-BF4B-00C04F79EFBC}") = "BotServicesLibrary", "BotServicesLibrary\BotServicesLibrary.csproj", "{DC267BE3-1537-46CA-9796-898D89274295}"
EndProject
Global
	GlobalSection(SolutionConfigurationPlatforms) = preSolution
		Debug|Any CPU = Debug|Any CPU
		Release|Any CPU = Release|Any CPU
	EndGlobalSection
	GlobalSection(ProjectConfigurationPlatforms) = postSolution
		{2047B019-863B-43D9-B3E8-172FAE4E031F}.Debug|Any CPU.ActiveCfg = Debug|Any CPU
		{2047B019-863B-43D9-B3E8-172FAE4E031F}.Debug|Any CPU.Build.0 = Debug|Any CPU
		{2047B019-863B-43D9-B3E8-172FAE4E031F}.Release|Any CPU.ActiveCfg = Release|Any CPU
		{2047B019-863B-43D9-B3E8-172FAE4E031F}.Release|Any CPU.Build.0 = Release|Any CPU
		{F025BAB0-0569-4482-B131-E18AB4A35F41}.Debug|Any CPU.ActiveCfg = Debug|Any CPU
		{F025BAB0-0569-4482-B131-E18AB4A35F41}.Debug|Any CPU.Build.0 = Debug|Any CPU
		{F025BAB0-0569-4482-B131-E18AB4A35F41}.Release|Any CPU.ActiveCfg = Release|Any CPU
		{F025BAB0-0569-4482-B131-E18AB4A35F41}.Release|Any CPU.Build.0 = Release|Any CPU
		{DC267BE3-1537-46CA-9796-898D89274295}.Debug|Any CPU.ActiveCfg = Debug|Any CPU
		{DC267BE3-1537-46CA-9796-898D89274295}.Debug|Any CPU.Build.0 = Debug|Any CPU
		{DC267BE3-1537-46CA-9796-898D89274295}.Release|Any CPU.ActiveCfg = Release|Any CPU
		{DC267BE3-1537-46CA-9796-898D89274295}.Release|Any CPU.Build.0 = Release|Any CPU
	EndGlobalSection
EndGlobal
